
Microsoft Visual Studio Solution File, Format Version 12.00
# Visual Studio 2012
Project("{FAE04EC0-301F-11D3-BF4B-00C04F79EFBC}") = "Msg.Providers", "Msg.Providers\Msg.Providers.csproj", "{30E3BB28-586D-42CF-89C1-DE204FEEB05F}"
EndProject
Project("{FAE04EC0-301F-11D3-BF4B-00C04F79EFBC}") = "Msg.Entities", "Msg.Entities\Msg.Entities.csproj", "{126472DB-5B38-4F04-9C6F-9CAC2C823D95}"
EndProject
Project("{FAE04EC0-301F-11D3-BF4B-00C04F79EFBC}") = "Msg.Bll", "Msg.Bll\Msg.Bll.csproj", "{E94C313E-3F2A-43CE-ACAD-AAD9FC4A0D08}"
EndProject
Project("{FAE04EC0-301F-11D3-BF4B-00C04F79EFBC}") = "Msg.Utils", "Msg.Utils\Msg.Utils.csproj", "{764EA872-A9CF-4155-AD06-C7D91B7EFB22}"
EndProject
Project("{FAE04EC0-301F-11D3-BF4B-00C04F79EFBC}") = "Msg.Web", "Msg.Web\Msg.Web.csproj", "{33068B45-5EBA-4693-A101-0065E4815A78}"
EndProject
Project("{2150E333-8FDC-42A3-9474-1A3956D46DE8}") = "5- FileService", "5- FileService", "{69A6A90E-D80C-42B3-BECA-41AAC0C116CC}"
EndProject
Project("{FAE04EC0-301F-11D3-BF4B-00C04F79EFBC}") = "WCF.Lib.File", "WCF.Lib.File\WCF.Lib.File.csproj", "{1244BE9E-9D51-46D0-B945-447F945302FD}"
EndProject
Project("{FAE04EC0-301F-11D3-BF4B-00C04F79EFBC}") = "WCF.WEB.FileService", "WCF.WEB.FileService\WCF.WEB.FileService.csproj", "{EAB3EA81-FA50-4F2C-B99E-BC4B285D2017}"
EndProject
Project("{FAE04EC0-301F-11D3-BF4B-00C04F79EFBC}") = "Msg.Tools", "Msg.Tools\Msg.Tools.csproj", "{0637D27B-4190-4D81-ACAC-3B9286FC782D}"
EndProject
Project("{FAE04EC0-301F-11D3-BF4B-00C04F79EFBC}") = "Msg.Redis", "Msg.Redis\Msg.Redis.csproj", "{E5ED51ED-97E5-45D8-9F85-18AB1CC7273B}"
EndProject
Project("{FAE04EC0-301F-11D3-BF4B-00C04F79EFBC}") = "Msg.Config", "Msg.Config\Msg.Config.csproj", "{1BC24746-D10E-4426-A2B8-69C7E7D87EF1}"
EndProject
Project("{FAE04EC0-301F-11D3-BF4B-00C04F79EFBC}") = "Msg.FileUpload", "Msg.FileUpload\Msg.FileUpload.csproj", "{6755828D-0E63-4F48-BAAD-E523F0D8057D}"
EndProject
Project("{2150E333-8FDC-42A3-9474-1A3956D46DE8}") = "1- Infrastructure（基础设施层）", "1- Infrastructure（基础设施层）", "{AA97DBF7-65EB-4F9C-8DC7-0ACACD90386C}"
EndProject
Project("{2150E333-8FDC-42A3-9474-1A3956D46DE8}") = "2- Core (业务核心层)", "2- Core (业务核心层)", "{E5888B6F-D092-4EE5-BF6D-8C49C51A5CC2}"
EndProject
Project("{2150E333-8FDC-42A3-9474-1A3956D46DE8}") = "3- Application (站点应用层)", "3- Application (站点应用层)", "{B7A322B5-CFF8-429B-A61E-BFBC4B3184AC}"
EndProject
Project("{2150E333-8FDC-42A3-9474-1A3956D46DE8}") = "4- Presentation (展现层)", "4- Presentation (展现层)", "{842E9FE1-4E74-4652-8C99-05EB5A55DD3E}"
EndProject
Project("{2150E333-8FDC-42A3-9474-1A3956D46DE8}") = ".nuget", ".nuget", "{6DA08E76-F6BC-425F-942A-2ECB799C8AB9}"
	ProjectSection(SolutionItems) = preProject
		.nuget\NuGet.Config = .nuget\NuGet.Config
		.nuget\NuGet.exe = .nuget\NuGet.exe
		.nuget\NuGet.targets = .nuget\NuGet.targets
	EndProjectSection
EndProject
Project("{FAE04EC0-301F-11D3-BF4B-00C04F79EFBC}") = "Msg.Mail", "Msg.Mail\Msg.Mail.csproj", "{22E7EABC-E2B8-4D62-9AA1-901DCF4AA975}"
EndProject
Project("{2150E333-8FDC-42A3-9474-1A3956D46DE8}") = "Services", "Services", "{C195E7D8-BFB3-4DE5-8F7A-D3670ABB92D3}"
EndProject
Project("{FAE04EC0-301F-11D3-BF4B-00C04F79EFBC}") = "Msg.WindowService", "Msg.WindowService\Msg.WindowService.csproj", "{124E6792-343C-42CD-A00D-5E495306E814}"
EndProject
Global
	GlobalSection(TeamFoundationVersionControl) = preSolution
		SccNumberOfProjects = 14
		SccEnterpriseProvider = {4CA58AB2-18FA-4F8D-95D4-32DDF27D184C}
		SccTeamFoundationServer = http://112.124.119.4:8080/tfs/%E4%B9%B0%E6%88%BF%E5%9C%88
		SccLocalPath0 = .
		SccProjectUniqueName1 = Msg.Bll\\Msg.Bll.csproj
		SccProjectTopLevelParentUniqueName1 = Meisugou.sln
		SccProjectName1 = Msg.Bll
		SccLocalPath1 = Msg.Bll
		SccProjectUniqueName2 = Msg.Config\\Msg.Config.csproj
		SccProjectTopLevelParentUniqueName2 = Meisugou.sln
		SccProjectName2 = Msg.Config
		SccLocalPath2 = Msg.Config
		SccProjectUniqueName3 = Msg.Entities\\Msg.Entities.csproj
		SccProjectTopLevelParentUniqueName3 = Meisugou.sln
		SccProjectName3 = Msg.Entities
		SccLocalPath3 = Msg.Entities
		SccProjectUniqueName4 = Msg.FileUpload\\Msg.FileUpload.csproj
		SccProjectTopLevelParentUniqueName4 = Meisugou.sln
		SccProjectName4 = Msg.FileUpload
		SccLocalPath4 = Msg.FileUpload
		SccProjectUniqueName5 = Msg.Providers\\Msg.Providers.csproj
		SccProjectTopLevelParentUniqueName5 = Meisugou.sln
		SccProjectName5 = Msg.Providers
		SccLocalPath5 = Msg.Providers
		SccProjectUniqueName6 = Msg.Redis\\Msg.Redis.csproj
		SccProjectTopLevelParentUniqueName6 = Meisugou.sln
		SccProjectName6 = Msg.Redis
		SccLocalPath6 = Msg.Redis
		SccProjectUniqueName7 = Msg.Tools\\Msg.Tools.csproj
		SccProjectTopLevelParentUniqueName7 = Meisugou.sln
		SccProjectName7 = Msg.Tools
		SccLocalPath7 = Msg.Tools
		SccProjectUniqueName8 = Msg.Utils\\Msg.Utils.csproj
		SccProjectTopLevelParentUniqueName8 = Meisugou.sln
		SccProjectName8 = Msg.Utils
		SccLocalPath8 = Msg.Utils
		SccProjectUniqueName9 = Msg.Web\\Msg.Web.csproj
		SccProjectTopLevelParentUniqueName9 = Meisugou.sln
		SccProjectName9 = Msg.Web
		SccLocalPath9 = Msg.Web
		SccProjectUniqueName10 = WCF.Lib.File\\WCF.Lib.File.csproj
		SccProjectTopLevelParentUniqueName10 = Meisugou.sln
		SccProjectName10 = WCF.Lib.File
		SccLocalPath10 = WCF.Lib.File
		SccProjectUniqueName11 = WCF.WEB.FileService\\WCF.WEB.FileService.csproj
		SccProjectTopLevelParentUniqueName11 = Meisugou.sln
		SccProjectName11 = WCF.WEB.FileService
		SccLocalPath11 = WCF.WEB.FileService
		SccProjectUniqueName12 = Msg.Mail\\Msg.Mail.csproj
		SccProjectTopLevelParentUniqueName12 = Meisugou.sln
		SccProjectName12 = Msg.Mail
		SccLocalPath12 = Msg.Mail
		SccProjectUniqueName13 = Msg.WindowService\\Msg.WindowService.csproj
		SccProjectTopLevelParentUniqueName13 = Meisugou.sln
		SccProjectName13 = Msg.WindowService
		SccLocalPath13 = Msg.WindowService
	EndGlobalSection
	GlobalSection(SolutionConfigurationPlatforms) = preSolution
		Debug|Any CPU = Debug|Any CPU
		Release|Any CPU = Release|Any CPU
	EndGlobalSection
	GlobalSection(ProjectConfigurationPlatforms) = postSolution
		{30E3BB28-586D-42CF-89C1-DE204FEEB05F}.Debug|Any CPU.ActiveCfg = Debug|Any CPU
		{30E3BB28-586D-42CF-89C1-DE204FEEB05F}.Debug|Any CPU.Build.0 = Debug|Any CPU
		{30E3BB28-586D-42CF-89C1-DE204FEEB05F}.Release|Any CPU.ActiveCfg = Release|Any CPU
		{30E3BB28-586D-42CF-89C1-DE204FEEB05F}.Release|Any CPU.Build.0 = Release|Any CPU
		{126472DB-5B38-4F04-9C6F-9CAC2C823D95}.Debug|Any CPU.ActiveCfg = Debug|Any CPU
		{126472DB-5B38-4F04-9C6F-9CAC2C823D95}.Debug|Any CPU.Build.0 = Debug|Any CPU
		{126472DB-5B38-4F04-9C6F-9CAC2C823D95}.Release|Any CPU.ActiveCfg = Release|Any CPU
		{126472DB-5B38-4F04-9C6F-9CAC2C823D95}.Release|Any CPU.Build.0 = Release|Any CPU
		{E94C313E-3F2A-43CE-ACAD-AAD9FC4A0D08}.Debug|Any CPU.ActiveCfg = Debug|Any CPU
		{E94C313E-3F2A-43CE-ACAD-AAD9FC4A0D08}.Debug|Any CPU.Build.0 = Debug|Any CPU
		{E94C313E-3F2A-43CE-ACAD-AAD9FC4A0D08}.Release|Any CPU.ActiveCfg = Release|Any CPU
		{E94C313E-3F2A-43CE-ACAD-AAD9FC4A0D08}.Release|Any CPU.Build.0 = Release|Any CPU
		{764EA872-A9CF-4155-AD06-C7D91B7EFB22}.Debug|Any CPU.ActiveCfg = Debug|Any CPU
		{764EA872-A9CF-4155-AD06-C7D91B7EFB22}.Debug|Any CPU.Build.0 = Debug|Any CPU
		{764EA872-A9CF-4155-AD06-C7D91B7EFB22}.Release|Any CPU.ActiveCfg = Release|Any CPU
		{764EA872-A9CF-4155-AD06-C7D91B7EFB22}.Release|Any CPU.Build.0 = Release|Any CPU
		{33068B45-5EBA-4693-A101-0065E4815A78}.Debug|Any CPU.ActiveCfg = Debug|Any CPU
		{33068B45-5EBA-4693-A101-0065E4815A78}.Debug|Any CPU.Build.0 = Debug|Any CPU
		{33068B45-5EBA-4693-A101-0065E4815A78}.Release|Any CPU.ActiveCfg = Release|Any CPU
		{33068B45-5EBA-4693-A101-0065E4815A78}.Release|Any CPU.Build.0 = Release|Any CPU
		{1244BE9E-9D51-46D0-B945-447F945302FD}.Debug|Any CPU.ActiveCfg = Debug|Any CPU
		{1244BE9E-9D51-46D0-B945-447F945302FD}.Debug|Any CPU.Build.0 = Debug|Any CPU
		{1244BE9E-9D51-46D0-B945-447F945302FD}.Release|Any CPU.ActiveCfg = Release|Any CPU
		{1244BE9E-9D51-46D0-B945-447F945302FD}.Release|Any CPU.Build.0 = Release|Any CPU
		{EAB3EA81-FA50-4F2C-B99E-BC4B285D2017}.Debug|Any CPU.ActiveCfg = Debug|Any CPU
		{EAB3EA81-FA50-4F2C-B99E-BC4B285D2017}.Debug|Any CPU.Build.0 = Debug|Any CPU
		{EAB3EA81-FA50-4F2C-B99E-BC4B285D2017}.Release|Any CPU.ActiveCfg = Release|Any CPU
		{EAB3EA81-FA50-4F2C-B99E-BC4B285D2017}.Release|Any CPU.Build.0 = Release|Any CPU
		{0637D27B-4190-4D81-ACAC-3B9286FC782D}.Debug|Any CPU.ActiveCfg = Debug|Any CPU
		{0637D27B-4190-4D81-ACAC-3B9286FC782D}.Debug|Any CPU.Build.0 = Debug|Any CPU
		{0637D27B-4190-4D81-ACAC-3B9286FC782D}.Release|Any CPU.ActiveCfg = Release|Any CPU
		{0637D27B-4190-4D81-ACAC-3B9286FC782D}.Release|Any CPU.Build.0 = Release|Any CPU
		{E5ED51ED-97E5-45D8-9F85-18AB1CC7273B}.Debug|Any CPU.ActiveCfg = Debug|Any CPU
		{E5ED51ED-97E5-45D8-9F85-18AB1CC7273B}.Debug|Any CPU.Build.0 = Debug|Any CPU
		{E5ED51ED-97E5-45D8-9F85-18AB1CC7273B}.Release|Any CPU.ActiveCfg = Release|Any CPU
		{E5ED51ED-97E5-45D8-9F85-18AB1CC7273B}.Release|Any CPU.Build.0 = Release|Any CPU
		{1BC24746-D10E-4426-A2B8-69C7E7D87EF1}.Debug|Any CPU.ActiveCfg = Debug|Any CPU
		{1BC24746-D10E-4426-A2B8-69C7E7D87EF1}.Debug|Any CPU.Build.0 = Debug|Any CPU
		{1BC24746-D10E-4426-A2B8-69C7E7D87EF1}.Release|Any CPU.ActiveCfg = Release|Any CPU
		{1BC24746-D10E-4426-A2B8-69C7E7D87EF1}.Release|Any CPU.Build.0 = Release|Any CPU
		{6755828D-0E63-4F48-BAAD-E523F0D8057D}.Debug|Any CPU.ActiveCfg = Debug|Any CPU
		{6755828D-0E63-4F48-BAAD-E523F0D8057D}.Debug|Any CPU.Build.0 = Debug|Any CPU
		{6755828D-0E63-4F48-BAAD-E523F0D8057D}.Release|Any CPU.ActiveCfg = Release|Any CPU
		{6755828D-0E63-4F48-BAAD-E523F0D8057D}.Release|Any CPU.Build.0 = Release|Any CPU
		{22E7EABC-E2B8-4D62-9AA1-901DCF4AA975}.Debug|Any CPU.ActiveCfg = Debug|Any CPU
		{22E7EABC-E2B8-4D62-9AA1-901DCF4AA975}.Debug|Any CPU.Build.0 = Debug|Any CPU
		{22E7EABC-E2B8-4D62-9AA1-901DCF4AA975}.Release|Any CPU.ActiveCfg = Release|Any CPU
		{22E7EABC-E2B8-4D62-9AA1-901DCF4AA975}.Release|Any CPU.Build.0 = Release|Any CPU
		{124E6792-343C-42CD-A00D-5E495306E814}.Debug|Any CPU.ActiveCfg = Debug|Any CPU
		{124E6792-343C-42CD-A00D-5E495306E814}.Debug|Any CPU.Build.0 = Debug|Any CPU
		{124E6792-343C-42CD-A00D-5E495306E814}.Release|Any CPU.ActiveCfg = Release|Any CPU
		{124E6792-343C-42CD-A00D-5E495306E814}.Release|Any CPU.Build.0 = Release|Any CPU
	EndGlobalSection
	GlobalSection(SolutionProperties) = preSolution
		HideSolutionNode = FALSE
	EndGlobalSection
	GlobalSection(NestedProjects) = preSolution
		{126472DB-5B38-4F04-9C6F-9CAC2C823D95} = {E5888B6F-D092-4EE5-BF6D-8C49C51A5CC2}
		{E94C313E-3F2A-43CE-ACAD-AAD9FC4A0D08} = {E5888B6F-D092-4EE5-BF6D-8C49C51A5CC2}
		{30E3BB28-586D-42CF-89C1-DE204FEEB05F} = {E5888B6F-D092-4EE5-BF6D-8C49C51A5CC2}
		{0637D27B-4190-4D81-ACAC-3B9286FC782D} = {AA97DBF7-65EB-4F9C-8DC7-0ACACD90386C}
		{E5ED51ED-97E5-45D8-9F85-18AB1CC7273B} = {AA97DBF7-65EB-4F9C-8DC7-0ACACD90386C}
		{1BC24746-D10E-4426-A2B8-69C7E7D87EF1} = {AA97DBF7-65EB-4F9C-8DC7-0ACACD90386C}
		{764EA872-A9CF-4155-AD06-C7D91B7EFB22} = {AA97DBF7-65EB-4F9C-8DC7-0ACACD90386C}
		{22E7EABC-E2B8-4D62-9AA1-901DCF4AA975} = {AA97DBF7-65EB-4F9C-8DC7-0ACACD90386C}
		{33068B45-5EBA-4693-A101-0065E4815A78} = {842E9FE1-4E74-4652-8C99-05EB5A55DD3E}
		{1244BE9E-9D51-46D0-B945-447F945302FD} = {69A6A90E-D80C-42B3-BECA-41AAC0C116CC}
		{EAB3EA81-FA50-4F2C-B99E-BC4B285D2017} = {69A6A90E-D80C-42B3-BECA-41AAC0C116CC}
		{6755828D-0E63-4F48-BAAD-E523F0D8057D} = {B7A322B5-CFF8-429B-A61E-BFBC4B3184AC}
		{C195E7D8-BFB3-4DE5-8F7A-D3670ABB92D3} = {B7A322B5-CFF8-429B-A61E-BFBC4B3184AC}
		{124E6792-343C-42CD-A00D-5E495306E814} = {C195E7D8-BFB3-4DE5-8F7A-D3670ABB92D3}
	EndGlobalSection
EndGlobal
